
Microsoft Visual Studio Solution File, Format Version 12.00
# Visual Studio Version 17
VisualStudioVersion = 17.14.36811.4 d17.14
MinimumVisualStudioVersion = 10.0.40219.1
Project("{FAE04EC0-301F-11D3-BF4B-00C04F79EFBC}") = "PerfumeStore", "PerfumeStore.csproj", "{35FCEB36-AAE4-4FFA-A2F4-44696B07341A}"
EndProject
Global
	GlobalSection(SolutionConfigurationPlatforms) = preSolution
		Debug|Any CPU = Debug|Any CPU
		Release|Any CPU = Release|Any CPU
	EndGlobalSection
	GlobalSection(ProjectConfigurationPlatforms) = postSolution
		{35FCEB36-AAE4-4FFA-A2F4-44696B07341A}.Debug|Any CPU.ActiveCfg = Debug|Any CPU
		{35FCEB36-AAE4-4FFA-A2F4-44696B07341A}.Debug|Any CPU.Build.0 = Debug|Any CPU
		{35FCEB36-AAE4-4FFA-A2F4-44696B07341A}.Release|Any CPU.ActiveCfg = Release|Any CPU
		{35FCEB36-AAE4-4FFA-A2F4-44696B07341A}.Release|Any CPU.Build.0 = Release|Any CPU
	EndGlobalSection
	GlobalSection(SolutionProperties) = preSolution
		HideSolutionNode = FALSE
	EndGlobalSection
	GlobalSection(ExtensibilityGlobals) = postSolution
		SolutionGuid = {17ADF33B-AC28-40E0-903D-08B3822B8737}
	EndGlobalSection
EndGlobal
